
Microsoft Visual Studio Solution File, Format Version 12.00
Project("{FAE04EC0-301F-11D3-BF4B-00C04F79EFBC}") = "MusicHub", "MusicHub\MusicHub.csproj", "{99E2B079-7A5A-4FAD-99D1-706FC82CCEA3}"
EndProject
Global
	GlobalSection(SolutionConfigurationPlatforms) = preSolution
		Debug|Any CPU = Debug|Any CPU
		Release|Any CPU = Release|Any CPU
	EndGlobalSection
	GlobalSection(ProjectConfigurationPlatforms) = postSolution
		{99E2B079-7A5A-4FAD-99D1-706FC82CCEA3}.Debug|Any CPU.ActiveCfg = Debug|Any CPU
		{99E2B079-7A5A-4FAD-99D1-706FC82CCEA3}.Debug|Any CPU.Build.0 = Debug|Any CPU
		{99E2B079-7A5A-4FAD-99D1-706FC82CCEA3}.Release|Any CPU.ActiveCfg = Release|Any CPU
		{99E2B079-7A5A-4FAD-99D1-706FC82CCEA3}.Release|Any CPU.Build.0 = Release|Any CPU
	EndGlobalSection
EndGlobal
